
Microsoft Visual Studio Solution File, Format Version 12.00
# Visual Studio 14
VisualStudioVersion = 14.0.25420.1
MinimumVisualStudioVersion = 10.0.40219.1
Project("{FAE04EC0-301F-11D3-BF4B-00C04F79EFBC}") = "WindowsController", "WindowsController\WindowsController.csproj", "{525483B6-8226-4E36-9EE4-A0E6609949A7}"
	ProjectSection(ProjectDependencies) = postProject
		{73EC1B68-B7F6-4C3F-BC9C-FD4E7FC68063} = {73EC1B68-B7F6-4C3F-BC9C-FD4E7FC68063}
		{85B354A6-BCCD-49BC-BF07-702BE985787E} = {85B354A6-BCCD-49BC-BF07-702BE985787E}
	EndProjectSection
EndProject
Project("{8BC9CEB8-8B4A-11D0-8D11-00A0C91BC942}") = "TestApp", "TestApp\TestApp.vcxproj", "{73EC1B68-B7F6-4C3F-BC9C-FD4E7FC68063}"
EndProject
Project("{8BC9CEB8-8B4A-11D0-8D11-00A0C91BC942}") = "ApiHookerInject_x86", "ApiHookerInject_x86\ApiHookerInject_x86.vcxproj", "{85B354A6-BCCD-49BC-BF07-702BE985787E}"
EndProject
Project("{FAE04EC0-301F-11D3-BF4B-00C04F79EFBC}") = "ApiHookerUI", "ApiHookerUI\ApiHookerUI.csproj", "{54B9D577-AEB8-4464-A347-0C36FAE15AAB}"
EndProject
Global
	GlobalSection(SolutionConfigurationPlatforms) = preSolution
		Debug|Any CPU = Debug|Any CPU
		Debug|x64 = Debug|x64
		Debug|x86 = Debug|x86
		Release|Any CPU = Release|Any CPU
		Release|x64 = Release|x64
		Release|x86 = Release|x86
		ReleaseForDebug|Any CPU = ReleaseForDebug|Any CPU
		ReleaseForDebug|x64 = ReleaseForDebug|x64
		ReleaseForDebug|x86 = ReleaseForDebug|x86
	EndGlobalSection
	GlobalSection(ProjectConfigurationPlatforms) = postSolution
		{525483B6-8226-4E36-9EE4-A0E6609949A7}.Debug|Any CPU.ActiveCfg = Debug|Any CPU
		{525483B6-8226-4E36-9EE4-A0E6609949A7}.Debug|Any CPU.Build.0 = Debug|Any CPU
		{525483B6-8226-4E36-9EE4-A0E6609949A7}.Debug|x64.ActiveCfg = Debug|Any CPU
		{525483B6-8226-4E36-9EE4-A0E6609949A7}.Debug|x64.Build.0 = Debug|Any CPU
		{525483B6-8226-4E36-9EE4-A0E6609949A7}.Debug|x86.ActiveCfg = Debug|Any CPU
		{525483B6-8226-4E36-9EE4-A0E6609949A7}.Debug|x86.Build.0 = Debug|Any CPU
		{525483B6-8226-4E36-9EE4-A0E6609949A7}.Release|Any CPU.ActiveCfg = Release|x86
		{525483B6-8226-4E36-9EE4-A0E6609949A7}.Release|Any CPU.Build.0 = Release|x86
		{525483B6-8226-4E36-9EE4-A0E6609949A7}.Release|x64.ActiveCfg = Release|Any CPU
		{525483B6-8226-4E36-9EE4-A0E6609949A7}.Release|x64.Build.0 = Release|Any CPU
		{525483B6-8226-4E36-9EE4-A0E6609949A7}.Release|x86.ActiveCfg = Release|Any CPU
		{525483B6-8226-4E36-9EE4-A0E6609949A7}.Release|x86.Build.0 = Release|Any CPU
		{525483B6-8226-4E36-9EE4-A0E6609949A7}.ReleaseForDebug|Any CPU.ActiveCfg = Release|Any CPU
		{525483B6-8226-4E36-9EE4-A0E6609949A7}.ReleaseForDebug|Any CPU.Build.0 = Release|Any CPU
		{525483B6-8226-4E36-9EE4-A0E6609949A7}.ReleaseForDebug|x64.ActiveCfg = Release|Any CPU
		{525483B6-8226-4E36-9EE4-A0E6609949A7}.ReleaseForDebug|x64.Build.0 = Release|Any CPU
		{525483B6-8226-4E36-9EE4-A0E6609949A7}.ReleaseForDebug|x86.ActiveCfg = Release|x86
		{525483B6-8226-4E36-9EE4-A0E6609949A7}.ReleaseForDebug|x86.Build.0 = Release|x86
		{73EC1B68-B7F6-4C3F-BC9C-FD4E7FC68063}.Debug|Any CPU.ActiveCfg = ReleaseForDebug|Win32
		{73EC1B68-B7F6-4C3F-BC9C-FD4E7FC68063}.Debug|Any CPU.Build.0 = ReleaseForDebug|Win32
		{73EC1B68-B7F6-4C3F-BC9C-FD4E7FC68063}.Debug|x64.ActiveCfg = Debug|x64
		{73EC1B68-B7F6-4C3F-BC9C-FD4E7FC68063}.Debug|x64.Build.0 = Debug|x64
		{73EC1B68-B7F6-4C3F-BC9C-FD4E7FC68063}.Debug|x86.ActiveCfg = Debug|Win32
		{73EC1B68-B7F6-4C3F-BC9C-FD4E7FC68063}.Debug|x86.Build.0 = Debug|Win32
		{73EC1B68-B7F6-4C3F-BC9C-FD4E7FC68063}.Release|Any CPU.ActiveCfg = Release|Win32
		{73EC1B68-B7F6-4C3F-BC9C-FD4E7FC68063}.Release|Any CPU.Build.0 = Release|Win32
		{73EC1B68-B7F6-4C3F-BC9C-FD4E7FC68063}.Release|x64.ActiveCfg = Release|x64
		{73EC1B68-B7F6-4C3F-BC9C-FD4E7FC68063}.Release|x64.Build.0 = Release|x64
		{73EC1B68-B7F6-4C3F-BC9C-FD4E7FC68063}.Release|x86.ActiveCfg = Release|Win32
		{73EC1B68-B7F6-4C3F-BC9C-FD4E7FC68063}.Release|x86.Build.0 = Release|Win32
		{73EC1B68-B7F6-4C3F-BC9C-FD4E7FC68063}.ReleaseForDebug|Any CPU.ActiveCfg = ReleaseForDebug|Win32
		{73EC1B68-B7F6-4C3F-BC9C-FD4E7FC68063}.ReleaseForDebug|Any CPU.Build.0 = ReleaseForDebug|Win32
		{73EC1B68-B7F6-4C3F-BC9C-FD4E7FC68063}.ReleaseForDebug|x64.ActiveCfg = ReleaseForDebug|x64
		{73EC1B68-B7F6-4C3F-BC9C-FD4E7FC68063}.ReleaseForDebug|x64.Build.0 = ReleaseForDebug|x64
		{73EC1B68-B7F6-4C3F-BC9C-FD4E7FC68063}.ReleaseForDebug|x86.ActiveCfg = ReleaseForDebug|Win32
		{73EC1B68-B7F6-4C3F-BC9C-FD4E7FC68063}.ReleaseForDebug|x86.Build.0 = ReleaseForDebug|Win32
		{85B354A6-BCCD-49BC-BF07-702BE985787E}.Debug|Any CPU.ActiveCfg = Debug|Win32
		{85B354A6-BCCD-49BC-BF07-702BE985787E}.Debug|Any CPU.Build.0 = Debug|Win32
		{85B354A6-BCCD-49BC-BF07-702BE985787E}.Debug|x64.ActiveCfg = Debug|x64
		{85B354A6-BCCD-49BC-BF07-702BE985787E}.Debug|x64.Build.0 = Debug|x64
		{85B354A6-BCCD-49BC-BF07-702BE985787E}.Debug|x86.ActiveCfg = Debug|Win32
		{85B354A6-BCCD-49BC-BF07-702BE985787E}.Debug|x86.Build.0 = Debug|Win32
		{85B354A6-BCCD-49BC-BF07-702BE985787E}.Release|Any CPU.ActiveCfg = Release|Win32
		{85B354A6-BCCD-49BC-BF07-702BE985787E}.Release|Any CPU.Build.0 = Release|Win32
		{85B354A6-BCCD-49BC-BF07-702BE985787E}.Release|x64.ActiveCfg = Release|x64
		{85B354A6-BCCD-49BC-BF07-702BE985787E}.Release|x64.Build.0 = Release|x64
		{85B354A6-BCCD-49BC-BF07-702BE985787E}.Release|x86.ActiveCfg = Release|Win32
		{85B354A6-BCCD-49BC-BF07-702BE985787E}.Release|x86.Build.0 = Release|Win32
		{85B354A6-BCCD-49BC-BF07-702BE985787E}.ReleaseForDebug|Any CPU.ActiveCfg = Release|Win32
		{85B354A6-BCCD-49BC-BF07-702BE985787E}.ReleaseForDebug|Any CPU.Build.0 = Release|Win32
		{85B354A6-BCCD-49BC-BF07-702BE985787E}.ReleaseForDebug|x64.ActiveCfg = Release|x64
		{85B354A6-BCCD-49BC-BF07-702BE985787E}.ReleaseForDebug|x64.Build.0 = Release|x64
		{85B354A6-BCCD-49BC-BF07-702BE985787E}.ReleaseForDebug|x86.ActiveCfg = Release|Win32
		{85B354A6-BCCD-49BC-BF07-702BE985787E}.ReleaseForDebug|x86.Build.0 = Release|Win32
		{54B9D577-AEB8-4464-A347-0C36FAE15AAB}.Debug|Any CPU.ActiveCfg = Debug|Any CPU
		{54B9D577-AEB8-4464-A347-0C36FAE15AAB}.Debug|Any CPU.Build.0 = Debug|Any CPU
		{54B9D577-AEB8-4464-A347-0C36FAE15AAB}.Debug|x64.ActiveCfg = Debug|Any CPU
		{54B9D577-AEB8-4464-A347-0C36FAE15AAB}.Debug|x64.Build.0 = Debug|Any CPU
		{54B9D577-AEB8-4464-A347-0C36FAE15AAB}.Debug|x86.ActiveCfg = Debug|Any CPU
		{54B9D577-AEB8-4464-A347-0C36FAE15AAB}.Debug|x86.Build.0 = Debug|Any CPU
		{54B9D577-AEB8-4464-A347-0C36FAE15AAB}.Release|Any CPU.ActiveCfg = Release|Any CPU
		{54B9D577-AEB8-4464-A347-0C36FAE15AAB}.Release|Any CPU.Build.0 = Release|Any CPU
		{54B9D577-AEB8-4464-A347-0C36FAE15AAB}.Release|x64.ActiveCfg = Release|Any CPU
		{54B9D577-AEB8-4464-A347-0C36FAE15AAB}.Release|x64.Build.0 = Release|Any CPU
		{54B9D577-AEB8-4464-A347-0C36FAE15AAB}.Release|x86.ActiveCfg = Release|Any CPU
		{54B9D577-AEB8-4464-A347-0C36FAE15AAB}.Release|x86.Build.0 = Release|Any CPU
		{54B9D577-AEB8-4464-A347-0C36FAE15AAB}.ReleaseForDebug|Any CPU.ActiveCfg = Release|Any CPU
		{54B9D577-AEB8-4464-A347-0C36FAE15AAB}.ReleaseForDebug|Any CPU.Build.0 = Release|Any CPU
		{54B9D577-AEB8-4464-A347-0C36FAE15AAB}.ReleaseForDebug|x64.ActiveCfg = Release|Any CPU
		{54B9D577-AEB8-4464-A347-0C36FAE15AAB}.ReleaseForDebug|x64.Build.0 = Release|Any CPU
		{54B9D577-AEB8-4464-A347-0C36FAE15AAB}.ReleaseForDebug|x86.ActiveCfg = Release|Any CPU
		{54B9D577-AEB8-4464-A347-0C36FAE15AAB}.ReleaseForDebug|x86.Build.0 = Release|Any CPU
	EndGlobalSection
	GlobalSection(SolutionProperties) = preSolution
		HideSolutionNode = FALSE
	EndGlobalSection
EndGlobal
